Microsoft Visual Studio Solution File, Format Version 12.00
# Visual Studio Version 17
VisualStudioVersion = 17.5.2.0
MinimumVisualStudioVersion = 10.0.40219.1
Project("{FAE04EC0-301F-11D3-BF4B-00C04F79EFBC}") = "portfolioTUI", "portfolioTUI.csproj", "{0BD4B107-C645-660D-753A-CEDFCC67EBE5}"
EndProject
Global
	GlobalSection(SolutionConfigurationPlatforms) = preSolution
		Debug|Any CPU = Debug|Any CPU
		Release|Any CPU = Release|Any CPU
	EndGlobalSection
	GlobalSection(ProjectConfigurationPlatforms) = postSolution
		{0BD4B107-C645-660D-753A-CEDFCC67EBE5}.Debug|Any CPU.ActiveCfg = Debug|Any CPU
		{0BD4B107-C645-660D-753A-CEDFCC67EBE5}.Debug|Any CPU.Build.0 = Debug|Any CPU
		{0BD4B107-C645-660D-753A-CEDFCC67EBE5}.Release|Any CPU.ActiveCfg = Release|Any CPU
		{0BD4B107-C645-660D-753A-CEDFCC67EBE5}.Release|Any CPU.Build.0 = Release|Any CPU
	EndGlobalSection
	GlobalSection(SolutionProperties) = preSolution
		HideSolutionNode = FALSE
	EndGlobalSection
	GlobalSection(ExtensibilityGlobals) = postSolution
		SolutionGuid = {91C45CDA-EF30-48EA-B69C-18A5330468CB}
	EndGlobalSection
EndGlobal
